github.com/GaoMjun/goutils v0.0.0-20201110062411-3e3f4c74254b h1:zN59UZufNgse034f/AhkcXszni8vWmyaLpkVjEGC8Yw=
github.com/GaoMjun/goutils v0.0.0-20201110062411-3e3f4c74254b/go.mod h1:v1Oz7hMCs9iGmu60a5EIsRd8reLDJmLBWEecTbhDiog=
github.com/GaoMjun/iptransparent v0.0.0-20190226102537-bbbb5054a451 h1:TQ81ZpA8TI2qsSVe3lo2K5l21E2tfdtPxbHI6mM2R7E=
github.com/GaoMjun/iptransparent v0.0.0-20190226102537-bbbb5054a451/go.mod h1:eH8pg16o0v4Ev0YY3cj1JEeTWUdau2pcN7SzB1fH5+Y=
github.com/GaoMjun/ladder v0.0.0-20190418104442-14c247b1205e h1:kdKUYX6sVEXcpsVwKinoYC4nz+qk8b24P1xDq9n9M+s=
github.com/GaoMjun/ladder v0.0.0-20190418104442-14c247b1205e/go.mod h1:bHOUyJnfridND3H2u3/EfFrVWw3Xe5FFiTT0NTYvlys=
github.com/GaoMjun/tcpip v0.0.0-20191023054252-0c623063cd59 h1:7ktpQtP3NavlXNU7LuZyWA83P0OAx4lfGgXtJa6bMnw=
github.com/GaoMjun/tcpip v0.0.0-20191023054252-0c623063cd59/go.mod h1:+uRwEbyh4YlY37uhN1SlDelEG+zvKkpSPA/vcLeob4w=
github.com/armon/go-socks5 v0.0.0-20160902184237-e75332964ef5 h1:0CwZNZbxp69SHPdPJAN/hZIm0C4OItdklCFmMRWYpio=
github.com/armon/go-socks5 v0.0.0-20160902184237-e75332964ef5/go.mod h1:wHh0iHkYZB8zMSxRWpUBQtwG5a7fFgvEO+odwuTv2gs=
github.com/golang/snappy v0.0.3 h1:fHPg5GQYlCeLIPB9BZqMVR5nR9A+IM5zcgeTdjMYmLA=
github.com/golang/snappy v0.0.3/go.mod h1:/XxbfmMg8lxefKM7IXC3fBNl/7bRcc72aCRzEWrmP2Q=
github.com/gorilla/websocket v1.4.2 h1:+/TMaTYc4QFitKJxsQ7Yye35DkWvkdLcvGKqM+x0Ufc=
github.com/gorilla/websocket v1.4.2/go.mod h1:YR8l580nyteQvAITg2hZ9XVh4b55+EU/adAjf1fMHhE=
golang.org/x/crypto v0.0.0-20210314154223-e6e6c4f2bb5b h1:wSOdpTq0/eI46Ez/LkDwIsAKA71YP2SRKBODiRWM0as=
golang.org/x/crypto v0.0.0-20210314154223-e6e6c4f2bb5b/go.mod h1:T9bdIzuCu7OtxOm1hfPfRQxPLYneinmdGuTeoZ9dtd4=
golang.org/x/net v0.0.0-20210226172049-e18ecbb05110/go.mod h1:m0MpNAwzfU5UDzcl9v0D8zg8gWTRqZa9RBIspLL5mdg=
golang.org/x/net v0.0.0-20210316092652-d523dce5a7f4 h1:b0LrWgu8+q7z4J+0Y3Umo5q1dL7NXBkKBWkaVkAq17E=
golang.org/x/net v0.0.0-20210316092652-d523dce5a7f4/go.mod h1:RBQZq4jEuRlivfhVLdyRGr576XBO4/greRjx4P4O3yc=
golang.org/x/sys v0.0.0-20201119102817-f84b799fce68/go.mod h1:h1NjWce9XRLGQEsW7wpKNCjG9DtNlClVuFLEZdDNbEs=
golang.org/x/sys v0.0.0-20210315160823-c6e025ad8005 h1:pDMpM2zh2MT0kHy037cKlSby2nEhD50SYqwQk76Nm40=
golang.org/x/sys v0.0.0-20210315160823-c6e025ad8005/go.mod h1:h1NjWce9XRLGQEsW7wpKNCjG9DtNlClVuFLEZdDNbEs=
golang.org/x/term v0.0.0-20201126162022-7de9c90e9dd1/go.mod h1:bj7SfCRtBDWHUb9snDiAeCFNEtKQo2Wmx5Cou7ajbmo=
golang.org/x/text v0.3.3/go.mod h1:5Zoc/QRtKVWzQhOtBMvqHzDpF6irO9z98xDceosuGiQ=
golang.org/x/tools v0.0.0-20180917221912-90fa682c2a6e/go.mod h1:n7NCudcB/nEzxVGmLbDWY5pfWTLqBcC2KZ6jyYvM4mQ=
